<?xml version="1.0" encoding="utf-8"?>
<Project ToolsVersion="4.0" xmlns="http://schemas.microsoft.com/developer/msbuild/2003">
  <ItemGroup>
    <Filter Include="Исходные файлы">
      <UniqueIdentifier>{4FC737F1-C7A5-4376-A066-2A32D752A2FF}</UniqueIdentifier>
      <Extensions>cpp;c;cc;cxx;c++;cppm;ixx;def;odl;idl;hpj;bat;asm;asmx</Extensions>
    </Filter>
    <Filter Include="Файлы заголовков">
      <UniqueIdentifier>{93995380-89BD-4b04-88EB-625FBE52EBFB}</UniqueIdentifier>
      <Extensions>h;hh;hpp;hxx;h++;hm;inl;inc;ipp;xsd</Extensions>
    </Filter>
    <Filter Include="Файлы ресурсов">
      <UniqueIdentifier>{67DA6AB6-F800-4c08-8B7A-83BB121AAD01}</UniqueIdentifier>
      <Extensions>rc;ico;cur;bmp;dlg;rc2;rct;bin;rgs;gif;jpg;jpeg;jpe;resx;tiff;tif;png;wav;mfcribbon-ms</Extensions>
    </Filter>
    <Filter Include="Исходные файлы\Creature">
      <UniqueIdentifier>{26367ae3-bd13-4241-b6a2-0a34cd12af2e}</UniqueIdentifier>
    </Filter>
    <Filter Include="Исходные файлы\Creature\Creature_Scavenger">
      <UniqueIdentifier>{ba22c9f1-3771-49ec-bbf2-0c0b5bbf9ba4}</UniqueIdentifier>
    </Filter>
    <Filter Include="Исходные файлы\Creature\Creature_Herbivore">
      <UniqueIdentifier>{032de123-bc81-4e18-91e4-73d678ad252f}</UniqueIdentifier>
    </Filter>
    <Filter Include="Исходные файлы\Creature\Creature_Plant">
      <UniqueIdentifier>{4d5b5de6-2cc3-4f87-9d0d-69267b4a1818}</UniqueIdentifier>
    </Filter>
    <Filter Include="Файлы заголовков\Creature">
      <UniqueIdentifier>{091614cb-3288-4482-8b22-18027a02066a}</UniqueIdentifier>
    </Filter>
  </ItemGroup>
  <ItemGroup>
    <ClCompile Include="Life_simulation.cpp">
      <Filter>Исходные файлы</Filter>
    </ClCompile>
    <ClCompile Include="Declaration.cpp">
      <Filter>Исходные файлы</Filter>
    </ClCompile>
    <ClCompile Include="Function.cpp">
      <Filter>Исходные файлы</Filter>
    </ClCompile>
    <ClCompile Include="Actions.cpp">
      <Filter>Исходные файлы</Filter>
    </ClCompile>
    <ClCompile Include="Cell.cpp">
      <Filter>Исходные файлы</Filter>
    </ClCompile>
    <ClCompile Include="Creature_Plant.cpp">
      <Filter>Исходные файлы\Creature\Creature_Plant</Filter>
    </ClCompile>
    <ClCompile Include="Creature_Plant_Actions.cpp">
      <Filter>Исходные файлы\Creature\Creature_Plant</Filter>
    </ClCompile>
    <ClCompile Include="Creature_Herbivore_Actions.cpp">
      <Filter>Исходные файлы\Creature\Creature_Herbivore</Filter>
    </ClCompile>
    <ClCompile Include="Creature_Herbivore.cpp">
      <Filter>Исходные файлы\Creature\Creature_Herbivore</Filter>
    </ClCompile>
    <ClCompile Include="Creature_Scavenger_Actions.cpp">
      <Filter>Исходные файлы\Creature\Creature_Scavenger</Filter>
    </ClCompile>
    <ClCompile Include="Creature_Scavenger.cpp">
      <Filter>Исходные файлы\Creature\Creature_Scavenger</Filter>
    </ClCompile>
    <ClCompile Include="Creatures.cpp">
      <Filter>Исходные файлы\Creature</Filter>
    </ClCompile>
    <ClCompile Include="Creature_Actions.cpp">
      <Filter>Исходные файлы\Creature</Filter>
    </ClCompile>
  </ItemGroup>
  <ItemGroup>
    <ClInclude Include="Cell.h">
      <Filter>Файлы заголовков</Filter>
    </ClInclude>
    <ClInclude Include="Actions.h">
      <Filter>Файлы заголовков</Filter>
    </ClInclude>
    <ClInclude Include="MainConnection.h">
      <Filter>Файлы заголовков</Filter>
    </ClInclude>
    <ClInclude Include="resource.h">
      <Filter>Файлы заголовков</Filter>
    </ClInclude>
    <ClInclude Include="Definition.h">
      <Filter>Файлы заголовков</Filter>
    </ClInclude>
    <ClInclude Include="Creature_Herbivore.h">
      <Filter>Файлы заголовков\Creature</Filter>
    </ClInclude>
    <ClInclude Include="Creature_Plant.h">
      <Filter>Файлы заголовков\Creature</Filter>
    </ClInclude>
    <ClInclude Include="Creature_Scavenger.h">
      <Filter>Файлы заголовков\Creature</Filter>
    </ClInclude>
    <ClInclude Include="Creatures.h">
      <Filter>Файлы заголовков\Creature</Filter>
    </ClInclude>
    <ClInclude Include="ENUMS.h">
      <Filter>Файлы заголовков</Filter>
    </ClInclude>
  </ItemGroup>
  <ItemGroup>
    <ResourceCompile Include="Life_simulation.rc">
      <Filter>Файлы ресурсов</Filter>
    </ResourceCompile>
  </ItemGroup>
  <ItemGroup>
    <Image Include="Ico_Life_simulation.ico">
      <Filter>Файлы ресурсов</Filter>
    </Image>
  </ItemGroup>
</Project>